
Microsoft Visual Studio Solution File, Format Version 12.00
# Visual Studio Version 17
VisualStudioVersion = 17.5.33516.290
MinimumVisualStudioVersion = 10.0.40219.1
Project("{FAE04EC0-301F-11D3-BF4B-00C04F79EFBC}") = "TelephoneCompany", "TelephoneCompany\TelephoneCompany.csproj", "{A24AB1A5-A6A1-4399-B1A1-F7134167005E}"
EndProject
Global
	GlobalSection(SolutionConfigurationPlatforms) = preSolution
		Debug|Any CPU = Debug|Any CPU
		Release|Any CPU = Release|Any CPU
	EndGlobalSection
	GlobalSection(ProjectConfigurationPlatforms) = postSolution
		{A24AB1A5-A6A1-4399-B1A1-F7134167005E}.Debug|Any CPU.ActiveCfg = Debug|Any CPU
		{A24AB1A5-A6A1-4399-B1A1-F7134167005E}.Debug|Any CPU.Build.0 = Debug|Any CPU
		{A24AB1A5-A6A1-4399-B1A1-F7134167005E}.Release|Any CPU.ActiveCfg = Release|Any CPU
		{A24AB1A5-A6A1-4399-B1A1-F7134167005E}.Release|Any CPU.Build.0 = Release|Any CPU
	EndGlobalSection
	GlobalSection(SolutionProperties) = preSolution
		HideSolutionNode = FALSE
	EndGlobalSection
	GlobalSection(ExtensibilityGlobals) = postSolution
		SolutionGuid = {9D2FE8A9-42EA-4B6F-8028-3DAC5245551C}
	EndGlobalSection
EndGlobal
